// !$*UTF8*$!
{
	archiveVersion = 1;
	classes = {
	};
	objectVersion = 48;
	objects = {

/* Begin PBXBuildFile section */
		9CA763A81F98BB0E00D1D16D /* AppDelegate.swift in Sources */ = {isa = PBXBuildFile; fileRef = 9CA763A71F98BB0E00D1D16D /* AppDelegate.swift */; };
		9CA763AA1F98BB0E00D1D16D /* ViewController.swift in Sources */ = {isa = PBXBuildFile; fileRef = 9CA763A91F98BB0E00D1D16D /* ViewController.swift */; };
		9CA763AD1F98BB0E00D1D16D /* Main.storyboard in Resources */ = {isa = PBXBuildFile; fileRef = 9CA763AB1F98BB0E00D1D16D /* Main.storyboard */; };
		9CA763AF1F98BB0E00D1D16D /* Assets.xcassets in Resources */ = {isa = PBXBuildFile; fileRef = 9CA763AE1F98BB0E00D1D16D /* Assets.xcassets */; };
		9CA763B21F98BB0E00D1D16D /* LaunchScreen.storyboard in Resources */ = {isa = PBXBuildFile; fileRef = 9CA763B01F98BB0E00D1D16D /* LaunchScreen.storyboard */; };
		9CA763BA1F98ECEB00D1D16D /* SwipingController.swift in Sources */ = {isa = PBXBuildFile; fileRef = 9CA763B91F98ECEB00D1D16D /* SwipingController.swift */; };
		9CA763BC1F98F70200D1D16D /* PageCell.swift in Sources */ = {isa = PBXBuildFile; fileRef = 9CA763BB1F98F70200D1D16D /* PageCell.swift */; };
/* End PBXBuildFile section */

/* Begin PBXFileReference section */
		9CA763A41F98BB0E00D1D16D /* AutoLayout_Test.app */ = {isa = PBXFileReference; explicitFileType = wrapper.application; includeInIndex = 0; path = AutoLayout_Test.app; sourceTree = BUILT_PRODUCTS_DIR; };
		9CA763A71F98BB0E00D1D16D /* AppDelegate.swift */ = {isa = PBXFileReference; lastKnownFileType = sourcecode.swift; path = AppDelegate.swift; sourceTree = "<group>"; };
		9CA763A91F98BB0E00D1D16D /* ViewController.swift */ = {isa = PBXFileReference; lastKnownFileType = sourcecode.swift; path = ViewController.swift; sourceTree = "<group>"; };
		9CA763AC1F98BB0E00D1D16D /* Base */ = {isa = PBXFileReference; lastKnownFileType = file.storyboard; name = Base; path = Base.lproj/Main.storyboard; sourceTree = "<group>"; };
		9CA763AE1F98BB0E00D1D16D /* Assets.xcassets */ = {isa = PBXFileReference; lastKnownFileType = folder.assetcatalog; path = Assets.xcassets; sourceTree = "<group>"; };
		9CA763B11F98BB0E00D1D16D /* Base */ = {isa = PBXFileReference; lastKnownFileType = file.storyboard; name = Base; path = Base.lproj/LaunchScreen.storyboard; sourceTree = "<group>"; };
		9CA763B31F98BB0E00D1D16D /* Info.plist */ = {isa = PBXFileReference; lastKnownFileType = text.plist.xml; path = Info.plist; sourceTree = "<group>"; };
		9CA763B91F98ECEB00D1D16D /* SwipingController.swift */ = {isa = PBXFileReference; lastKnownFileType = sourcecode.swift; path = SwipingController.swift; sourceTree = "<group>"; };
		9CA763BB1F98F70200D1D16D /* PageCell.swift */ = {isa = PBXFileReference; lastKnownFileType = sourcecode.swift; path = PageCell.swift; sourceTree = "<group>"; };
/* End PBXFileReference section */

/* Begin PBXFrameworksBuildPhase section */
		9CA763A11F98BB0E00D1D16D /* Frameworks */ = {
			isa = PBXFrameworksBuildPhase;
			buildActionMask = 2147483647;
			files = (
			);
			runOnlyForDeploymentPostprocessing = 0;
		};
/* End PBXFrameworksBuildPhase section */

/* Begin PBXGroup section */
		9CA7639B1F98BB0E00D1D16D = {
			isa = PBXGroup;
			children = (
				9CA763A61F98BB0E00D1D16D /* AutoLayout_Test */,
				9CA763A51F98BB0E00D1D16D /* Products */,
			);
			sourceTree = "<group>";
		};
		9CA763A51F98BB0E00D1D16D /* Products */ = {
			isa = PBXGroup;
			children = (
				9CA763A41F98BB0E00D1D16D /* AutoLayout_Test.app */,
			);
			name = Products;
			sourceTree = "<group>";
		};
		9CA763A61F98BB0E00D1D16D /* AutoLayout_Test */ = {
			isa = PBXGroup;
			children = (
				9CA763A71F98BB0E00D1D16D /* AppDelegate.swift */,
				9CA763A91F98BB0E00D1D16D /* ViewController.swift */,
				9CA763AB1F98BB0E00D1D16D /* Main.storyboard */,
				9CA763AE1F98BB0E00D1D16D /* Assets.xcassets */,
				9CA763B01F98BB0E00D1D16D /* LaunchScreen.storyboard */,
				9CA763B31F98BB0E00D1D16D /* Info.plist */,
				9CA763B91F98ECEB00D1D16D /* SwipingController.swift */,
				9CA763BB1F98F70200D1D16D /* PageCell.swift */,
			);
			path = AutoLayout_Test;
			sourceTree = "<group>";
		};
/* End PBXGroup section */

/* Begin PBXNativeTarget section */
		9CA763A31F98BB0E00D1D16D /* AutoLayout_Test */ = {
			isa = PBXNativeTarget;
			buildConfigurationList = 9CA763B61F98BB0E00D1D16D /* Build configuration list for PBXNativeTarget "AutoLayout_Test" */;
			buildPhases = (
				9CA763A01F98BB0E00D1D16D /* Sources */,
				9CA763A11F98BB0E00D1D16D /* Frameworks */,
				9CA763A21F98BB0E00D1D16D /* Resources */,
			);
			buildRules = (
			);
			dependencies = (
			);
			name = AutoLayout_Test;
			productName = AutoLayout_Test;
			productReference = 9CA763A41F98BB0E00D1D16D /* AutoLayout_Test.app */;
			productType = "com.apple.product-type.application";
		};
/* End PBXNativeTarget section */

/* Begin PBXProject section */
		9CA7639C1F98BB0E00D1D16D /* Project object */ = {
			isa = PBXProject;
			attributes = {
				LastSwiftUpdateCheck = 0900;
				LastUpgradeCheck = 0900;
				ORGANIZATIONNAME = "SEUNGWON KIM";
				TargetAttributes = {
					9CA763A31F98BB0E00D1D16D = {
						CreatedOnToolsVersion = 9.0.1;
						ProvisioningStyle = Automatic;
					};
				};
			};
			buildConfigurationList = 9CA7639F1F98BB0E00D1D16D /* Build configuration list for PBXProject "AutoLayout_Test" */;
			compatibilityVersion = "Xcode 8.0";
			developmentRegion = en;
			hasScannedForEncodings = 0;
			knownRegions = (
				en,
				Base,
			);
			mainGroup = 9CA7639B1F98BB0E00D1D16D;
			productRefGroup = 9CA763A51F98BB0E00D1D16D /* Products */;
			projectDirPath = "";
			projectRoot = "";
			targets = (
				9CA763A31F98BB0E00D1D16D /* AutoLayout_Test */,
			);
		};
/* End PBXProject section */

/* Begin PBXResourcesBuildPhase section */
		9CA763A21F98BB0E00D1D16D /* Resources */ = {
			isa = PBXResourcesBuildPhase;
			buildActionMask = 2147483647;
			files = (
				9CA763B21F98BB0E00D1D16D /* LaunchScreen.storyboard in Resources */,
				9CA763AF1F98BB0E00D1D16D /* Assets.xcassets in Resources */,
				9CA763AD1F98BB0E00D1D16D /* Main.storyboard in Resources */,
			);
			runOnlyForDeploymentPostprocessing = 0;
		};
/* End PBXResourcesBuildPhase section */

/* Begin PBXSourcesBuildPhase section */
		9CA763A01F98BB0E00D1D16D /* Sources */ = {
			isa = PBXSourcesBuildPhase;
			buildActionMask = 2147483647;
			files = (
				9CA763AA1F98BB0E00D1D16D /* ViewController.swift in Sources */,
				9CA763A81F98BB0E00D1D16D /* AppDelegate.swift in Sources */,
				9CA763BC1F98F70200D1D16D /* PageCell.swift in Sources */,
				9CA763BA1F98ECEB00D1D16D /* SwipingController.swift in Sources */,
			);
			runOnlyForDeploymentPostprocessing = 0;
		};
/* End PBXSourcesBuildPhase section */

/* Begin PBXVariantGroup section */
		9CA763AB1F98BB0E00D1D16D /* Main.storyboard */ = {
			isa = PBXVariantGroup;
			children = (
				9CA763AC1F98BB0E00D1D16D /* Base */,
			);
			name = Main.storyboard;
			sourceTree = "<group>";
		};
		9CA763B01F98BB0E00D1D16D /* LaunchScreen.storyboard */ = {
			isa = PBXVariantGroup;
			children = (
				9CA763B11F98BB0E00D1D16D /* Base */,
			);
			name = LaunchScreen.storyboard;
			sourceTree = "<group>";
		};
/* End PBXVariantGroup section */

/* Begin XCBuildConfiguration section */
		9CA763B41F98BB0E00D1D16D /* Debug */ = {
			isa = XCBuildConfiguration;
			buildSettings = {
				ALWAYS_SEARCH_USER_PATHS = NO;
				CLANG_ANALYZER_NONNULL = YES;
				CLANG_ANALYZER_NUMBER_OBJECT_CONVERSION = YES_AGGRESSIVE;
				CLANG_CXX_LANGUAGE_STANDARD = "gnu++14";
				CLANG_CXX_LIBRARY = "libc++";
				CLANG_ENABLE_MODULES = YES;
				CLANG_ENABLE_OBJC_ARC = YES;
				CLANG_WARN_BLOCK_CAPTURE_AUTORELEASING = YES;
				CLANG_WARN_BOOL_CONVERSION = YES;
				CLANG_WARN_COMMA = YES;
				CLANG_WARN_CONSTANT_CONVERSION = YES;
				CLANG_WARN_DIRECT_OBJC_ISA_USAGE = YES_ERROR;
				CLANG_WARN_DOCUMENTATION_COMMENTS = YES;
				CLANG_WARN_EMPTY_BODY = YES;
				CLANG_WARN_ENUM_CONVERSION = YES;
				CLANG_WARN_INFINITE_RECURSION = YES;
				CLANG_WARN_INT_CONVERSION = YES;
				CLANG_WARN_NON_LITERAL_NULL_CONVERSION = YES;
				CLANG_WARN_OBJC_LITERAL_CONVERSION = YES;
				CLANG_WARN_OBJC_ROOT_CLASS = YES_ERROR;
				CLANG_WARN_RANGE_LOOP_ANALYSIS = YES;
				CLANG_WARN_STRICT_PROTOTYPES = YES;
				CLANG_WARN_SUSPICIOUS_MOVE = YES;
				CLANG_WARN_UNGUARDED_AVAILABILITY = YES_AGGRESSIVE;
				CLANG_WARN_UNREACHABLE_CODE = YES;
				CLANG_WARN__DUPLICATE_METHOD_MATCH = YES;
				CODE_SIGN_IDENTITY = "iPhone Developer";
				COPY_PHASE_STRIP = NO;
				DEBUG_INFORMATION_FORMAT = dwarf;
				ENABLE_STRICT_OBJC_MSGSEND = YES;
				ENABLE_TESTABILITY = YES;
				GCC_C_LANGUAGE_STANDARD = gnu11;
				GCC_DYNAMIC_NO_PIC = NO;
				GCC_NO_COMMON_BLOCKS = YES;
				GCC_OPTIMIZATION_LEVEL = 0;
				GCC_PREPROCESSOR_DEFINITIONS = (
					"DEBUG=1",
					"$(inherited)",
				);
				GCC_WARN_64_TO_32_BIT_CONVERSION = YES;
				GCC_WARN_ABOUT_RETURN_TYPE = YES_ERROR;
				GCC_WARN_UNDECLARED_SELECTOR = YES;
				GCC_WARN_UNINITIALIZED_AUTOS = YES_AGGRESSIVE;
				GCC_WARN_UNUSED_FUNCTION = YES;
				GCC_WARN_UNUSED_VARIABLE = YES;
				IPHONEOS_DEPLOYMENT_TARGET = 11.0;
				MTL_ENABLE_DEBUG_INFO = YES;
				ONLY_ACTIVE_ARCH = YES;
				SDKROOT = iphoneos;
				SWIFT_ACTIVE_COMPILATION_CONDITIONS = DEBUG;
				SWIFT_OPTIMIZATION_LEVEL = "-Onone";
			};
			name = Debug;
		};
		9CA763B51F98BB0E00D1D16D /* Release */ = {
			isa = XCBuildConfiguration;
			buildSettings = {
				ALWAYS_SEARCH_USER_PATHS = NO;
				CLANG_ANALYZER_NONNULL = YES;
				CLANG_ANALYZER_NUMBER_OBJECT_CONVERSION = YES_AGGRESSIVE;
				CLANG_CXX_LANGUAGE_STANDARD = "gnu++14";
				CLANG_CXX_LIBRARY = "libc++";
				CLANG_ENABLE_MODULES = YES;
				CLANG_ENABLE_OBJC_ARC = YES;
				CLANG_WARN_BLOCK_CAPTURE_AUTORELEASING = YES;
				CLANG_WARN_BOOL_CONVERSION = YES;
				CLANG_WARN_COMMA = YES;
				CLANG_WARN_CONSTANT_CONVERSION = YES;
				CLANG_WARN_DIRECT_OBJC_ISA_USAGE = YES_ERROR;
				CLANG_WARN_DOCUMENTATION_COMMENTS = YES;
				CLANG_WARN_EMPTY_BODY = YES;
				CLANG_WARN_ENUM_CONVERSION = YES;
				CLANG_WARN_INFINITE_RECURSION = YES;
				CLANG_WARN_INT_CONVERSION = YES;
				CLANG_WARN_NON_LITERAL_NULL_CONVERSION = YES;
				CLANG_WARN_OBJC_LITERAL_CONVERSION = YES;
				CLANG_WARN_OBJC_ROOT_CLASS = YES_ERROR;
				CLANG_WARN_RANGE_LOOP_ANALYSIS = YES;
				CLANG_WARN_STRICT_PROTOTYPES = YES;
				CLANG_WARN_SUSPICIOUS_MOVE = YES;
				CLANG_WARN_UNGUARDED_AVAILABILITY = YES_AGGRESSIVE;
				CLANG_WARN_UNREACHABLE_CODE = YES;
				CLANG_WARN__DUPLICATE_METHOD_MATCH = YES;
				CODE_SIGN_IDENTITY = "iPhone Developer";
				COPY_PHASE_STRIP = NO;
				DEBUG_INFORMATION_FORMAT = "dwarf-with-dsym";
				ENABLE_NS_ASSERTIONS = NO;
				ENABLE_STRICT_OBJC_MSGSEND = YES;
				GCC_C_LANGUAGE_STANDARD = gnu11;
				GCC_NO_COMMON_BLOCKS = YES;
				GCC_WARN_64_TO_32_BIT_CONVERSION = YES;
				GCC_WARN_ABOUT_RETURN_TYPE = YES_ERROR;
				GCC_WARN_UNDECLARED_SELECTOR = YES;
				GCC_WARN_UNINITIALIZED_AUTOS = YES_AGGRESSIVE;
				GCC_WARN_UNUSED_FUNCTION = YES;
				GCC_WARN_UNUSED_VARIABLE = YES;
				IPHONEOS_DEPLOYMENT_TARGET = 11.0;
				MTL_ENABLE_DEBUG_INFO = NO;
				SDKROOT = iphoneos;
				SWIFT_OPTIMIZATION_LEVEL = "-Owholemodule";
				VALIDATE_PRODUCT = YES;
			};
			name = Release;
		};
		9CA763B71F98BB0E00D1D16D /* Debug */ = {
			isa = XCBuildConfiguration;
			buildSettings = {
				ASSETCATALOG_COMPILER_APPICON_NAME = AppIcon;
				CODE_SIGN_STYLE = Automatic;
				DEVELOPMENT_TEAM = "";
				INFOPLIST_FILE = AutoLayout_Test/Info.plist;
				IPHONEOS_DEPLOYMENT_TARGET = 9.3;
				LD_RUNPATH_SEARCH_PATHS = "$(inherited) @executable_path/Frameworks";
				PRODUCT_NAME = "$(TARGET_NAME)";
				SWIFT_VERSION = 4.0;
				TARGETED_DEVICE_FAMILY = "1,2";
			};
			name = Debug;
		};
		9CA763B81F98BB0E00D1D16D /* Release */ = {
			isa = XCBuildConfiguration;
			buildSettings = {
				ASSETCATALOG_COMPILER_APPICON_NAME = AppIcon;
				CODE_SIGN_STYLE = Automatic;
				DEVELOPMENT_TEAM = "";
				INFOPLIST_FILE = AutoLayout_Test/Info.plist;
				IPHONEOS_DEPLOYMENT_TARGET = 9.3;
				LD_RUNPATH_SEARCH_PATHS = "$(inherited) @executable_path/Frameworks";
				PRODUCT_NAME = "$(TARGET_NAME)";
				SWIFT_VERSION = 4.0;
				TARGETED_DEVICE_FAMILY = "1,2";
			};
			name = Release;
		};
/* End XCBuildConfiguration section */

/* Begin XCConfigurationList section */
		9CA7639F1F98BB0E00D1D16D /* Build configuration list for PBXProject "AutoLayout_Test" */ = {
			isa = XCConfigurationList;
			buildConfigurations = (
				9CA763B41F98BB0E00D1D16D /* Debug */,
				9CA763B51F98BB0E00D1D16D /* Release */,
			);
			defaultConfigurationIsVisible = 0;
			defaultConfigurationName = Release;
		};
		9CA763B61F98BB0E00D1D16D /* Build configuration list for PBXNativeTarget "AutoLayout_Test" */ = {
			isa = XCConfigurationList;
			buildConfigurations = (
				9CA763B71F98BB0E00D1D16D /* Debug */,
				9CA763B81F98BB0E00D1D16D /* Release */,
			);
			defaultConfigurationIsVisible = 0;
			defaultConfigurationName = Release;
		};
/* End XCConfigurationList section */
	};
	rootObject = 9CA7639C1F98BB0E00D1D16D /* Project object */;
}
